// !$*UTF8*$!
{
	archiveVersion = 1;
	classes = {
	};
	objectVersion = 50;
	objects = {

/* Begin PBXBuildFile section */
		61017D2825DAF98E005A275A /* DI.swift in Sources */ = {isa = PBXBuildFile; fileRef = 61017D2725DAF98E005A275A /* DI.swift */; };
		61017D2C25DB4B41005A275A /* CategoryTableViewCell.swift in Sources */ = {isa = PBXBuildFile; fileRef = 61017D2A25DB4B41005A275A /* CategoryTableViewCell.swift */; };
		61017D2D25DB4B41005A275A /* CategoryTableViewCell.xib in Resources */ = {isa = PBXBuildFile; fileRef = 61017D2B25DB4B41005A275A /* CategoryTableViewCell.xib */; };
		6137CA3925DC9A0E006210DA /* ItemModel.swift in Sources */ = {isa = PBXBuildFile; fileRef = 6137CA3825DC9A0E006210DA /* ItemModel.swift */; };
		6137CA3C25DCA057006210DA /* BasketTableViewController.swift in Sources */ = {isa = PBXBuildFile; fileRef = 6137CA3A25DCA057006210DA /* BasketTableViewController.swift */; };
		6137CA3D25DCA057006210DA /* BasketTableViewController.xib in Resources */ = {isa = PBXBuildFile; fileRef = 6137CA3B25DCA057006210DA /* BasketTableViewController.xib */; };
		6149623825DAC0D600CA0250 /* CategoriesTableViewController.swift in Sources */ = {isa = PBXBuildFile; fileRef = 6149623625DAC0D600CA0250 /* CategoriesTableViewController.swift */; };
		6149623925DAC0D600CA0250 /* CategoriesTableViewController.xib in Resources */ = {isa = PBXBuildFile; fileRef = 6149623725DAC0D600CA0250 /* CategoriesTableViewController.xib */; };
		6153545D25DC581800AD024F /* ItemTableViewCell.swift in Sources */ = {isa = PBXBuildFile; fileRef = 6153545B25DC581800AD024F /* ItemTableViewCell.swift */; };
		6153545E25DC581800AD024F /* ItemTableViewCell.xib in Resources */ = {isa = PBXBuildFile; fileRef = 6153545C25DC581800AD024F /* ItemTableViewCell.xib */; };
		61B0D94E25DD8F3D00523F0F /* BasketTableViewCell.swift in Sources */ = {isa = PBXBuildFile; fileRef = 61B0D94C25DD8F3D00523F0F /* BasketTableViewCell.swift */; };
		61B0D94F25DD8F3D00523F0F /* BasketTableViewCell.xib in Resources */ = {isa = PBXBuildFile; fileRef = 61B0D94D25DD8F3D00523F0F /* BasketTableViewCell.xib */; };
		61CDD3C725DAB9870015D215 /* AppDelegate.swift in Sources */ = {isa = PBXBuildFile; fileRef = 61CDD3C625DAB9870015D215 /* AppDelegate.swift */; };
		61CDD3C925DAB9870015D215 /* SceneDelegate.swift in Sources */ = {isa = PBXBuildFile; fileRef = 61CDD3C825DAB9870015D215 /* SceneDelegate.swift */; };
		61CDD3D025DAB98C0015D215 /* Assets.xcassets in Resources */ = {isa = PBXBuildFile; fileRef = 61CDD3CF25DAB98C0015D215 /* Assets.xcassets */; };
		61CDD3D325DAB98C0015D215 /* LaunchScreen.storyboard in Resources */ = {isa = PBXBuildFile; fileRef = 61CDD3D125DAB98C0015D215 /* LaunchScreen.storyboard */; };
		61DF763225DABCF200DC6A20 /* StartViewController.swift in Sources */ = {isa = PBXBuildFile; fileRef = 61DF763025DABCF200DC6A20 /* StartViewController.swift */; };
		61DF763325DABCF200DC6A20 /* StartViewController.xib in Resources */ = {isa = PBXBuildFile; fileRef = 61DF763125DABCF200DC6A20 /* StartViewController.xib */; };
/* End PBXBuildFile section */

/* Begin PBXFileReference section */
		61017D2725DAF98E005A275A /* DI.swift */ = {isa = PBXFileReference; lastKnownFileType = sourcecode.swift; path = DI.swift; sourceTree = "<group>"; };
		61017D2A25DB4B41005A275A /* CategoryTableViewCell.swift */ = {isa = PBXFileReference; lastKnownFileType = sourcecode.swift; path = CategoryTableViewCell.swift; sourceTree = "<group>"; };
		61017D2B25DB4B41005A275A /* CategoryTableViewCell.xib */ = {isa = PBXFileReference; lastKnownFileType = file.xib; path = CategoryTableViewCell.xib; sourceTree = "<group>"; };
		6137CA3825DC9A0E006210DA /* ItemModel.swift */ = {isa = PBXFileReference; lastKnownFileType = sourcecode.swift; path = ItemModel.swift; sourceTree = "<group>"; };
		6137CA3A25DCA057006210DA /* BasketTableViewController.swift */ = {isa = PBXFileReference; lastKnownFileType = sourcecode.swift; path = BasketTableViewController.swift; sourceTree = "<group>"; };
		6137CA3B25DCA057006210DA /* BasketTableViewController.xib */ = {isa = PBXFileReference; lastKnownFileType = file.xib; path = BasketTableViewController.xib; sourceTree = "<group>"; };
		6149623625DAC0D600CA0250 /* CategoriesTableViewController.swift */ = {isa = PBXFileReference; lastKnownFileType = sourcecode.swift; path = CategoriesTableViewController.swift; sourceTree = "<group>"; };
		6149623725DAC0D600CA0250 /* CategoriesTableViewController.xib */ = {isa = PBXFileReference; lastKnownFileType = file.xib; path = CategoriesTableViewController.xib; sourceTree = "<group>"; };
		6153545B25DC581800AD024F /* ItemTableViewCell.swift */ = {isa = PBXFileReference; lastKnownFileType = sourcecode.swift; path = ItemTableViewCell.swift; sourceTree = "<group>"; };
		6153545C25DC581800AD024F /* ItemTableViewCell.xib */ = {isa = PBXFileReference; lastKnownFileType = file.xib; path = ItemTableViewCell.xib; sourceTree = "<group>"; };
		61B0D94C25DD8F3D00523F0F /* BasketTableViewCell.swift */ = {isa = PBXFileReference; lastKnownFileType = sourcecode.swift; path = BasketTableViewCell.swift; sourceTree = "<group>"; };
		61B0D94D25DD8F3D00523F0F /* BasketTableViewCell.xib */ = {isa = PBXFileReference; lastKnownFileType = file.xib; path = BasketTableViewCell.xib; sourceTree = "<group>"; };
		61CDD3C325DAB9870015D215 /* ProjektUczelnia.app */ = {isa = PBXFileReference; explicitFileType = wrapper.application; includeInIndex = 0; path = ProjektUczelnia.app; sourceTree = BUILT_PRODUCTS_DIR; };
		61CDD3C625DAB9870015D215 /* AppDelegate.swift */ = {isa = PBXFileReference; lastKnownFileType = sourcecode.swift; path = AppDelegate.swift; sourceTree = "<group>"; };
		61CDD3C825DAB9870015D215 /* SceneDelegate.swift */ = {isa = PBXFileReference; lastKnownFileType = sourcecode.swift; path = SceneDelegate.swift; sourceTree = "<group>"; };
		61CDD3CF25DAB98C0015D215 /* Assets.xcassets */ = {isa = PBXFileReference; lastKnownFileType = folder.assetcatalog; path = Assets.xcassets; sourceTree = "<group>"; };
		61CDD3D225DAB98C0015D215 /* Base */ = {isa = PBXFileReference; lastKnownFileType = file.storyboard; name = Base; path = Base.lproj/LaunchScreen.storyboard; sourceTree = "<group>"; };
		61CDD3D425DAB98C0015D215 /* Info.plist */ = {isa = PBXFileReference; lastKnownFileType = text.plist.xml; path = Info.plist; sourceTree = "<group>"; };
		61DF763025DABCF200DC6A20 /* StartViewController.swift */ = {isa = PBXFileReference; lastKnownFileType = sourcecode.swift; path = StartViewController.swift; sourceTree = "<group>"; };
		61DF763125DABCF200DC6A20 /* StartViewController.xib */ = {isa = PBXFileReference; lastKnownFileType = file.xib; path = StartViewController.xib; sourceTree = "<group>"; };
/* End PBXFileReference section */

/* Begin PBXFrameworksBuildPhase section */
		61CDD3C025DAB9870015D215 /* Frameworks */ = {
			isa = PBXFrameworksBuildPhase;
			buildActionMask = 2147483647;
			files = (
			);
			runOnlyForDeploymentPostprocessing = 0;
		};
/* End PBXFrameworksBuildPhase section */

/* Begin PBXGroup section */
		61017D2925DB4B2A005A275A /* Cells */ = {
			isa = PBXGroup;
			children = (
				61017D2A25DB4B41005A275A /* CategoryTableViewCell.swift */,
				61017D2B25DB4B41005A275A /* CategoryTableViewCell.xib */,
				6153545B25DC581800AD024F /* ItemTableViewCell.swift */,
				6153545C25DC581800AD024F /* ItemTableViewCell.xib */,
				61B0D94C25DD8F3D00523F0F /* BasketTableViewCell.swift */,
				61B0D94D25DD8F3D00523F0F /* BasketTableViewCell.xib */,
			);
			path = Cells;
			sourceTree = "<group>";
		};
		6149623525DAC03D00CA0250 /* ViewControllers */ = {
			isa = PBXGroup;
			children = (
				61DF763025DABCF200DC6A20 /* StartViewController.swift */,
				61DF763125DABCF200DC6A20 /* StartViewController.xib */,
				6149623625DAC0D600CA0250 /* CategoriesTableViewController.swift */,
				6149623725DAC0D600CA0250 /* CategoriesTableViewController.xib */,
				6137CA3A25DCA057006210DA /* BasketTableViewController.swift */,
				6137CA3B25DCA057006210DA /* BasketTableViewController.xib */,
			);
			path = ViewControllers;
			sourceTree = "<group>";
		};
		61CDD3BA25DAB9870015D215 = {
			isa = PBXGroup;
			children = (
				61CDD3C525DAB9870015D215 /* ProjektUczelnia */,
				61CDD3C425DAB9870015D215 /* Products */,
			);
			sourceTree = "<group>";
		};
		61CDD3C425DAB9870015D215 /* Products */ = {
			isa = PBXGroup;
			children = (
				61CDD3C325DAB9870015D215 /* ProjektUczelnia.app */,
			);
			name = Products;
			sourceTree = "<group>";
		};
		61CDD3C525DAB9870015D215 /* ProjektUczelnia */ = {
			isa = PBXGroup;
			children = (
				6149623525DAC03D00CA0250 /* ViewControllers */,
				61CDD3C625DAB9870015D215 /* AppDelegate.swift */,
				61CDD3C825DAB9870015D215 /* SceneDelegate.swift */,
				61CDD3CF25DAB98C0015D215 /* Assets.xcassets */,
				61CDD3D125DAB98C0015D215 /* LaunchScreen.storyboard */,
				61017D2925DB4B2A005A275A /* Cells */,
				61017D2725DAF98E005A275A /* DI.swift */,
				61CDD3D425DAB98C0015D215 /* Info.plist */,
				6137CA3825DC9A0E006210DA /* ItemModel.swift */,
			);
			path = ProjektUczelnia;
			sourceTree = "<group>";
		};
/* End PBXGroup section */

/* Begin PBXNativeTarget section */
		61CDD3C225DAB9870015D215 /* ProjektUczelnia */ = {
			isa = PBXNativeTarget;
			buildConfigurationList = 61CDD3D725DAB98C0015D215 /* Build configuration list for PBXNativeTarget "ProjektUczelnia" */;
			buildPhases = (
				61CDD3BF25DAB9870015D215 /* Sources */,
				61CDD3C025DAB9870015D215 /* Frameworks */,
				61CDD3C125DAB9870015D215 /* Resources */,
			);
			buildRules = (
			);
			dependencies = (
			);
			name = ProjektUczelnia;
			productName = ProjektUczelnia;
			productReference = 61CDD3C325DAB9870015D215 /* ProjektUczelnia.app */;
			productType = "com.apple.product-type.application";
		};
/* End PBXNativeTarget section */

/* Begin PBXProject section */
		61CDD3BB25DAB9870015D215 /* Project object */ = {
			isa = PBXProject;
			attributes = {
				LastSwiftUpdateCheck = 1150;
				LastUpgradeCheck = 1150;
				ORGANIZATIONNAME = mateusz;
				TargetAttributes = {
					61CDD3C225DAB9870015D215 = {
						CreatedOnToolsVersion = 11.5;
					};
				};
			};
			buildConfigurationList = 61CDD3BE25DAB9870015D215 /* Build configuration list for PBXProject "ProjektUczelnia" */;
			compatibilityVersion = "Xcode 9.3";
			developmentRegion = en;
			hasScannedForEncodings = 0;
			knownRegions = (
				en,
				Base,
			);
			mainGroup = 61CDD3BA25DAB9870015D215;
			productRefGroup = 61CDD3C425DAB9870015D215 /* Products */;
			projectDirPath = "";
			projectRoot = "";
			targets = (
				61CDD3C225DAB9870015D215 /* ProjektUczelnia */,
			);
		};
/* End PBXProject section */

/* Begin PBXResourcesBuildPhase section */
		61CDD3C125DAB9870015D215 /* Resources */ = {
			isa = PBXResourcesBuildPhase;
			buildActionMask = 2147483647;
			files = (
				61CDD3D325DAB98C0015D215 /* LaunchScreen.storyboard in Resources */,
				6137CA3D25DCA057006210DA /* BasketTableViewController.xib in Resources */,
				61017D2D25DB4B41005A275A /* CategoryTableViewCell.xib in Resources */,
				6149623925DAC0D600CA0250 /* CategoriesTableViewController.xib in Resources */,
				61CDD3D025DAB98C0015D215 /* Assets.xcassets in Resources */,
				61B0D94F25DD8F3D00523F0F /* BasketTableViewCell.xib in Resources */,
				6153545E25DC581800AD024F /* ItemTableViewCell.xib in Resources */,
				61DF763325DABCF200DC6A20 /* StartViewController.xib in Resources */,
			);
			runOnlyForDeploymentPostprocessing = 0;
		};
/* End PBXResourcesBuildPhase section */

/* Begin PBXSourcesBuildPhase section */
		61CDD3BF25DAB9870015D215 /* Sources */ = {
			isa = PBXSourcesBuildPhase;
			buildActionMask = 2147483647;
			files = (
				61CDD3C725DAB9870015D215 /* AppDelegate.swift in Sources */,
				61CDD3C925DAB9870015D215 /* SceneDelegate.swift in Sources */,
				6137CA3925DC9A0E006210DA /* ItemModel.swift in Sources */,
				61B0D94E25DD8F3D00523F0F /* BasketTableViewCell.swift in Sources */,
				61DF763225DABCF200DC6A20 /* StartViewController.swift in Sources */,
				61017D2825DAF98E005A275A /* DI.swift in Sources */,
				6137CA3C25DCA057006210DA /* BasketTableViewController.swift in Sources */,
				6149623825DAC0D600CA0250 /* CategoriesTableViewController.swift in Sources */,
				6153545D25DC581800AD024F /* ItemTableViewCell.swift in Sources */,
				61017D2C25DB4B41005A275A /* CategoryTableViewCell.swift in Sources */,
			);
			runOnlyForDeploymentPostprocessing = 0;
		};
/* End PBXSourcesBuildPhase section */

/* Begin PBXVariantGroup section */
		61CDD3D125DAB98C0015D215 /* LaunchScreen.storyboard */ = {
			isa = PBXVariantGroup;
			children = (
				61CDD3D225DAB98C0015D215 /* Base */,
			);
			name = LaunchScreen.storyboard;
			sourceTree = "<group>";
		};
/* End PBXVariantGroup section */

/* Begin XCBuildConfiguration section */
		61CDD3D525DAB98C0015D215 /* Debug */ = {
			isa = XCBuildConfiguration;
			buildSettings = {
				ALWAYS_SEARCH_USER_PATHS = NO;
				CLANG_ANALYZER_NONNULL = YES;
				CLANG_ANALYZER_NUMBER_OBJECT_CONVERSION = YES_AGGRESSIVE;
				CLANG_CXX_LANGUAGE_STANDARD = "gnu++14";
				CLANG_CXX_LIBRARY = "libc++";
				CLANG_ENABLE_MODULES = YES;
				CLANG_ENABLE_OBJC_ARC = YES;
				CLANG_ENABLE_OBJC_WEAK = YES;
				CLANG_WARN_BLOCK_CAPTURE_AUTORELEASING = YES;
				CLANG_WARN_BOOL_CONVERSION = YES;
				CLANG_WARN_COMMA = YES;
				CLANG_WARN_CONSTANT_CONVERSION = YES;
				CLANG_WARN_DEPRECATED_OBJC_IMPLEMENTATIONS = YES;
				CLANG_WARN_DIRECT_OBJC_ISA_USAGE = YES_ERROR;
				CLANG_WARN_DOCUMENTATION_COMMENTS = YES;
				CLANG_WARN_EMPTY_BODY = YES;
				CLANG_WARN_ENUM_CONVERSION = YES;
				CLANG_WARN_INFINITE_RECURSION = YES;
				CLANG_WARN_INT_CONVERSION = YES;
				CLANG_WARN_NON_LITERAL_NULL_CONVERSION = YES;
				CLANG_WARN_OBJC_IMPLICIT_RETAIN_SELF = YES;
				CLANG_WARN_OBJC_LITERAL_CONVERSION = YES;
				CLANG_WARN_OBJC_ROOT_CLASS = YES_ERROR;
				CLANG_WARN_RANGE_LOOP_ANALYSIS = YES;
				CLANG_WARN_STRICT_PROTOTYPES = YES;
				CLANG_WARN_SUSPICIOUS_MOVE = YES;
				CLANG_WARN_UNGUARDED_AVAILABILITY = YES_AGGRESSIVE;
				CLANG_WARN_UNREACHABLE_CODE = YES;
				CLANG_WARN__DUPLICATE_METHOD_MATCH = YES;
				COPY_PHASE_STRIP = NO;
				DEBUG_INFORMATION_FORMAT = dwarf;
				ENABLE_STRICT_OBJC_MSGSEND = YES;
				ENABLE_TESTABILITY = YES;
				GCC_C_LANGUAGE_STANDARD = gnu11;
				GCC_DYNAMIC_NO_PIC = NO;
				GCC_NO_COMMON_BLOCKS = YES;
				GCC_OPTIMIZATION_LEVEL = 0;
				GCC_PREPROCESSOR_DEFINITIONS = (
					"DEBUG=1",
					"$(inherited)",
				);
				GCC_WARN_64_TO_32_BIT_CONVERSION = YES;
				GCC_WARN_ABOUT_RETURN_TYPE = YES_ERROR;
				GCC_WARN_UNDECLARED_SELECTOR = YES;
				GCC_WARN_UNINITIALIZED_AUTOS = YES_AGGRESSIVE;
				GCC_WARN_UNUSED_FUNCTION = YES;
				GCC_WARN_UNUSED_VARIABLE = YES;
				IPHONEOS_DEPLOYMENT_TARGET = 13.5;
				MTL_ENABLE_DEBUG_INFO = INCLUDE_SOURCE;
				MTL_FAST_MATH = YES;
				ONLY_ACTIVE_ARCH = YES;
				SDKROOT = iphoneos;
				SWIFT_ACTIVE_COMPILATION_CONDITIONS = DEBUG;
				SWIFT_OPTIMIZATION_LEVEL = "-Onone";
			};
			name = Debug;
		};
		61CDD3D625DAB98C0015D215 /* Release */ = {
			isa = XCBuildConfiguration;
			buildSettings = {
				ALWAYS_SEARCH_USER_PATHS = NO;
				CLANG_ANALYZER_NONNULL = YES;
				CLANG_ANALYZER_NUMBER_OBJECT_CONVERSION = YES_AGGRESSIVE;
				CLANG_CXX_LANGUAGE_STANDARD = "gnu++14";
				CLANG_CXX_LIBRARY = "libc++";
				CLANG_ENABLE_MODULES = YES;
				CLANG_ENABLE_OBJC_ARC = YES;
				CLANG_ENABLE_OBJC_WEAK = YES;
				CLANG_WARN_BLOCK_CAPTURE_AUTORELEASING = YES;
				CLANG_WARN_BOOL_CONVERSION = YES;
				CLANG_WARN_COMMA = YES;
				CLANG_WARN_CONSTANT_CONVERSION = YES;
				CLANG_WARN_DEPRECATED_OBJC_IMPLEMENTATIONS = YES;
				CLANG_WARN_DIRECT_OBJC_ISA_USAGE = YES_ERROR;
				CLANG_WARN_DOCUMENTATION_COMMENTS = YES;
				CLANG_WARN_EMPTY_BODY = YES;
				CLANG_WARN_ENUM_CONVERSION = YES;
				CLANG_WARN_INFINITE_RECURSION = YES;
				CLANG_WARN_INT_CONVERSION = YES;
				CLANG_WARN_NON_LITERAL_NULL_CONVERSION = YES;
				CLANG_WARN_OBJC_IMPLICIT_RETAIN_SELF = YES;
				CLANG_WARN_OBJC_LITERAL_CONVERSION = YES;
				CLANG_WARN_OBJC_ROOT_CLASS = YES_ERROR;
				CLANG_WARN_RANGE_LOOP_ANALYSIS = YES;
				CLANG_WARN_STRICT_PROTOTYPES = YES;
				CLANG_WARN_SUSPICIOUS_MOVE = YES;
				CLANG_WARN_UNGUARDED_AVAILABILITY = YES_AGGRESSIVE;
				CLANG_WARN_UNREACHABLE_CODE = YES;
				CLANG_WARN__DUPLICATE_METHOD_MATCH = YES;
				COPY_PHASE_STRIP = NO;
				DEBUG_INFORMATION_FORMAT = "dwarf-with-dsym";
				ENABLE_NS_ASSERTIONS = NO;
				ENABLE_STRICT_OBJC_MSGSEND = YES;
				GCC_C_LANGUAGE_STANDARD = gnu11;
				GCC_NO_COMMON_BLOCKS = YES;
				GCC_WARN_64_TO_32_BIT_CONVERSION = YES;
				GCC_WARN_ABOUT_RETURN_TYPE = YES_ERROR;
				GCC_WARN_UNDECLARED_SELECTOR = YES;
				GCC_WARN_UNINITIALIZED_AUTOS = YES_AGGRESSIVE;
				GCC_WARN_UNUSED_FUNCTION = YES;
				GCC_WARN_UNUSED_VARIABLE = YES;
				IPHONEOS_DEPLOYMENT_TARGET = 13.5;
				MTL_ENABLE_DEBUG_INFO = NO;
				MTL_FAST_MATH = YES;
				SDKROOT = iphoneos;
				SWIFT_COMPILATION_MODE = wholemodule;
				SWIFT_OPTIMIZATION_LEVEL = "-O";
				VALIDATE_PRODUCT = YES;
			};
			name = Release;
		};
		61CDD3D825DAB98C0015D215 /* Debug */ = {
			isa = XCBuildConfiguration;
			buildSettings = {
				ASSETCATALOG_COMPILER_APPICON_NAME = AppIcon;
				CODE_SIGN_STYLE = Automatic;
				DEVELOPMENT_TEAM = 39PV26PTA9;
				INFOPLIST_FILE = ProjektUczelnia/Info.plist;
				LD_RUNPATH_SEARCH_PATHS = (
					"$(inherited)",
					"@executable_path/Frameworks",
				);
				PRODUCT_BUNDLE_IDENTIFIER = com.mateusz.ProjektUczelnia;
				PRODUCT_NAME = "$(TARGET_NAME)";
				SWIFT_VERSION = 5.0;
				TARGETED_DEVICE_FAMILY = "1,2";
			};
			name = Debug;
		};
		61CDD3D925DAB98C0015D215 /* Release */ = {
			isa = XCBuildConfiguration;
			buildSettings = {
				ASSETCATALOG_COMPILER_APPICON_NAME = AppIcon;
				CODE_SIGN_STYLE = Automatic;
				DEVELOPMENT_TEAM = 39PV26PTA9;
				INFOPLIST_FILE = ProjektUczelnia/Info.plist;
				LD_RUNPATH_SEARCH_PATHS = (
					"$(inherited)",
					"@executable_path/Frameworks",
				);
				PRODUCT_BUNDLE_IDENTIFIER = com.mateusz.ProjektUczelnia;
				PRODUCT_NAME = "$(TARGET_NAME)";
				SWIFT_VERSION = 5.0;
				TARGETED_DEVICE_FAMILY = "1,2";
			};
			name = Release;
		};
/* End XCBuildConfiguration section */

/* Begin XCConfigurationList section */
		61CDD3BE25DAB9870015D215 /* Build configuration list for PBXProject "ProjektUczelnia" */ = {
			isa = XCConfigurationList;
			buildConfigurations = (
				61CDD3D525DAB98C0015D215 /* Debug */,
				61CDD3D625DAB98C0015D215 /* Release */,
			);
			defaultConfigurationIsVisible = 0;
			defaultConfigurationName = Release;
		};
		61CDD3D725DAB98C0015D215 /* Build configuration list for PBXNativeTarget "ProjektUczelnia" */ = {
			isa = XCConfigurationList;
			buildConfigurations = (
				61CDD3D825DAB98C0015D215 /* Debug */,
				61CDD3D925DAB98C0015D215 /* Release */,
			);
			defaultConfigurationIsVisible = 0;
			defaultConfigurationName = Release;
		};
/* End XCConfigurationList section */
	};
	rootObject = 61CDD3BB25DAB9870015D215 /* Project object */;
}
